
Microsoft Visual Studio Solution File, Format Version 12.00
# Visual Studio Version 16
VisualStudioVersion = 16.0.30804.86
MinimumVisualStudioVersion = 10.0.40219.1
Project("{FAE04EC0-301F-11D3-BF4B-00C04F79EFBC}") = "QLKH", "QLKH\QLKH.csproj", "{19196D8D-97AF-4C05-B8F5-537856F64D09}"
EndProject
Global
	GlobalSection(SolutionConfigurationPlatforms) = preSolution
		Debug|Any CPU = Debug|Any CPU
		Release|Any CPU = Release|Any CPU
	EndGlobalSection
	GlobalSection(ProjectConfigurationPlatforms) = postSolution
		{19196D8D-97AF-4C05-B8F5-537856F64D09}.Debug|Any CPU.ActiveCfg = Debug|Any CPU
		{19196D8D-97AF-4C05-B8F5-537856F64D09}.Debug|Any CPU.Build.0 = Debug|Any CPU
		{19196D8D-97AF-4C05-B8F5-537856F64D09}.Release|Any CPU.ActiveCfg = Release|Any CPU
		{19196D8D-97AF-4C05-B8F5-537856F64D09}.Release|Any CPU.Build.0 = Release|Any CPU
	EndGlobalSection
	GlobalSection(SolutionProperties) = preSolution
		HideSolutionNode = FALSE
	EndGlobalSection
	GlobalSection(ExtensibilityGlobals) = postSolution
		SolutionGuid = {02304F54-C6B2-40C0-85E4-B42CB9108E66}
	EndGlobalSection
EndGlobal
